
Microsoft Visual Studio Solution File, Format Version 12.00
# Visual Studio 14
VisualStudioVersion = 14.0.25123.0
MinimumVisualStudioVersion = 10.0.40219.1
Project("{2150E333-8FDC-42A3-9474-1A3956D46DE8}") = "src", "src", "{F5B9A226-8A92-4F7E-AD99-0246E4BDDDCA}"
EndProject
Project("{2150E333-8FDC-42A3-9474-1A3956D46DE8}") = "Solution Items", "Solution Items", "{40CB2FBF-D68E-456E-B2FA-2B207AA2DE45}"
	ProjectSection(SolutionItems) = preProject
		global.json = global.json
	EndProjectSection
EndProject
Project("{8BB2217D-0F2D-49D1-97BC-3654ED321F3B}") = "Nettside", "src\Nettside\Nettside.xproj", "{078294B8-5967-4888-AA07-84267EFE9616}"
EndProject
Global
	GlobalSection(SolutionConfigurationPlatforms) = preSolution
		Debug|Any CPU = Debug|Any CPU
		Release|Any CPU = Release|Any CPU
	EndGlobalSection
	GlobalSection(ProjectConfigurationPlatforms) = postSolution
		{078294B8-5967-4888-AA07-84267EFE9616}.Debug|Any CPU.ActiveCfg = Debug|Any CPU
		{078294B8-5967-4888-AA07-84267EFE9616}.Debug|Any CPU.Build.0 = Debug|Any CPU
		{078294B8-5967-4888-AA07-84267EFE9616}.Release|Any CPU.ActiveCfg = Release|Any CPU
		{078294B8-5967-4888-AA07-84267EFE9616}.Release|Any CPU.Build.0 = Release|Any CPU
	EndGlobalSection
	GlobalSection(SolutionProperties) = preSolution
		HideSolutionNode = FALSE
	EndGlobalSection
	GlobalSection(NestedProjects) = preSolution
		{078294B8-5967-4888-AA07-84267EFE9616} = {F5B9A226-8A92-4F7E-AD99-0246E4BDDDCA}
	EndGlobalSection
EndGlobal
